// !$*UTF8*$!
{
	archiveVersion = 1;
	classes = {
	};
	objectVersion = 56;
	objects = {

/* Begin PBXBuildFile section */
		A10000000000000000000001 /* TypewriteAppleEditionApp.swift in Sources */ = {isa = PBXBuildFile; fileRef = A20000000000000000000001 /* TypewriteAppleEditionApp.swift */; };
		A10000000000000000000002 /* PlainTextDocument.swift in Sources */ = {isa = PBXBuildFile; fileRef = A20000000000000000000002 /* PlainTextDocument.swift */; };
		A10000000000000000000003 /* PaperTheme.swift in Sources */ = {isa = PBXBuildFile; fileRef = A20000000000000000000003 /* PaperTheme.swift */; };
		A10000000000000000000005 /* EditorView.swift in Sources */ = {isa = PBXBuildFile; fileRef = A20000000000000000000005 /* EditorView.swift */; };
		A10000000000000000000006 /* Assets.xcassets in Resources */ = {isa = PBXBuildFile; fileRef = A20000000000000000000006 /* Assets.xcassets */; };
		B10000000000000000000001 /* CanvasView.swift in Sources */ = {isa = PBXBuildFile; fileRef = B20000000000000000000001 /* CanvasView.swift */; };
		B10000000000000000000003 /* DocumentModel.swift in Sources */ = {isa = PBXBuildFile; fileRef = B20000000000000000000003 /* DocumentModel.swift */; };
		B10000000000000000000004 /* FontRegistry.swift in Sources */ = {isa = PBXBuildFile; fileRef = B20000000000000000000004 /* FontRegistry.swift */; };
		B10000000000000000000005 /* SoundManager.swift in Sources */ = {isa = PBXBuildFile; fileRef = B20000000000000000000005 /* SoundManager.swift */; };
		B10000000000000000000006 /* SettingsStore.swift in Sources */ = {isa = PBXBuildFile; fileRef = B20000000000000000000006 /* SettingsStore.swift */; };
		B10000000000000000000007 /* HelpOverlay.swift in Sources */ = {isa = PBXBuildFile; fileRef = B20000000000000000000007 /* HelpOverlay.swift */; };
		B10000000000000000000008 /* Fonts in Resources */ = {isa = PBXBuildFile; fileRef = B20000000000000000000008 /* Fonts */; };
		B10000000000000000000009 /* Sounds in Resources */ = {isa = PBXBuildFile; fileRef = B20000000000000000000009 /* Sounds */; };
		C10000000000000000000010 /* TypewriteAppleEditionMacApp.swift in Sources */ = {isa = PBXBuildFile; fileRef = C20000000000000000000010 /* TypewriteAppleEditionMacApp.swift */; };
		C10000000000000000000011 /* CanvasNSView.swift in Sources */ = {isa = PBXBuildFile; fileRef = C20000000000000000000011 /* CanvasNSView.swift */; };
		C10000000000000000000012 /* PlainTextDocument.swift in Sources */ = {isa = PBXBuildFile; fileRef = A20000000000000000000002 /* PlainTextDocument.swift */; };
		C10000000000000000000013 /* PaperTheme.swift in Sources */ = {isa = PBXBuildFile; fileRef = A20000000000000000000003 /* PaperTheme.swift */; };
		C10000000000000000000014 /* EditorView.swift in Sources */ = {isa = PBXBuildFile; fileRef = A20000000000000000000005 /* EditorView.swift */; };
		C10000000000000000000015 /* DocumentModel.swift in Sources */ = {isa = PBXBuildFile; fileRef = B20000000000000000000003 /* DocumentModel.swift */; };
		C10000000000000000000016 /* FontRegistry.swift in Sources */ = {isa = PBXBuildFile; fileRef = B20000000000000000000004 /* FontRegistry.swift */; };
		C10000000000000000000017 /* SoundManager.swift in Sources */ = {isa = PBXBuildFile; fileRef = B20000000000000000000005 /* SoundManager.swift */; };
		C10000000000000000000018 /* SettingsStore.swift in Sources */ = {isa = PBXBuildFile; fileRef = B20000000000000000000006 /* SettingsStore.swift */; };
		C10000000000000000000019 /* HelpOverlay.swift in Sources */ = {isa = PBXBuildFile; fileRef = B20000000000000000000007 /* HelpOverlay.swift */; };
		C10000000000000000000020 /* Assets.xcassets in Resources */ = {isa = PBXBuildFile; fileRef = A20000000000000000000006 /* Assets.xcassets */; };
		C10000000000000000000021 /* Fonts in Resources */ = {isa = PBXBuildFile; fileRef = B20000000000000000000008 /* Fonts */; };
		C10000000000000000000022 /* Sounds in Resources */ = {isa = PBXBuildFile; fileRef = B20000000000000000000009 /* Sounds */; };
/* End PBXBuildFile section */

/* Begin PBXFileReference section */
		A20000000000000000000001 /* TypewriteAppleEditionApp.swift */ = {isa = PBXFileReference; lastKnownFileType = sourcecode.swift; path = TypewriteAppleEditionApp.swift; sourceTree = "<group>"; };
		A20000000000000000000002 /* PlainTextDocument.swift */ = {isa = PBXFileReference; lastKnownFileType = sourcecode.swift; path = PlainTextDocument.swift; sourceTree = "<group>"; };
		A20000000000000000000003 /* PaperTheme.swift */ = {isa = PBXFileReference; lastKnownFileType = sourcecode.swift; path = PaperTheme.swift; sourceTree = "<group>"; };
		A20000000000000000000005 /* EditorView.swift */ = {isa = PBXFileReference; lastKnownFileType = sourcecode.swift; path = EditorView.swift; sourceTree = "<group>"; };
		A20000000000000000000006 /* Assets.xcassets */ = {isa = PBXFileReference; lastKnownFileType = folder.assetcatalog; path = Assets.xcassets; sourceTree = "<group>"; };
		A30000000000000000000001 /* typewrite_apple_edition.app */ = {isa = PBXFileReference; explicitFileType = wrapper.application; includeInIndex = 0; path = typewrite_apple_edition.app; sourceTree = BUILT_PRODUCTS_DIR; };
		B20000000000000000000001 /* CanvasView.swift */ = {isa = PBXFileReference; lastKnownFileType = sourcecode.swift; path = CanvasView.swift; sourceTree = "<group>"; };
		B20000000000000000000003 /* DocumentModel.swift */ = {isa = PBXFileReference; lastKnownFileType = sourcecode.swift; path = DocumentModel.swift; sourceTree = "<group>"; };
		B20000000000000000000004 /* FontRegistry.swift */ = {isa = PBXFileReference; lastKnownFileType = sourcecode.swift; path = FontRegistry.swift; sourceTree = "<group>"; };
		B20000000000000000000005 /* SoundManager.swift */ = {isa = PBXFileReference; lastKnownFileType = sourcecode.swift; path = SoundManager.swift; sourceTree = "<group>"; };
		B20000000000000000000006 /* SettingsStore.swift */ = {isa = PBXFileReference; lastKnownFileType = sourcecode.swift; path = SettingsStore.swift; sourceTree = "<group>"; };
		B20000000000000000000007 /* HelpOverlay.swift */ = {isa = PBXFileReference; lastKnownFileType = sourcecode.swift; path = HelpOverlay.swift; sourceTree = "<group>"; };
		B20000000000000000000008 /* Fonts */ = {isa = PBXFileReference; lastKnownFileType = folder; path = Fonts; sourceTree = "<group>"; };
		B20000000000000000000009 /* Sounds */ = {isa = PBXFileReference; lastKnownFileType = folder; path = Sounds; sourceTree = "<group>"; };
		C20000000000000000000010 /* TypewriteAppleEditionMacApp.swift */ = {isa = PBXFileReference; lastKnownFileType = sourcecode.swift; path = TypewriteAppleEditionMacApp.swift; sourceTree = "<group>"; };
		C20000000000000000000011 /* CanvasNSView.swift */ = {isa = PBXFileReference; lastKnownFileType = sourcecode.swift; path = CanvasNSView.swift; sourceTree = "<group>"; };
		C30000000000000000000002 /* typewrite_apple_edition.app */ = {isa = PBXFileReference; explicitFileType = wrapper.application; includeInIndex = 0; path = typewrite_apple_edition.app; sourceTree = BUILT_PRODUCTS_DIR; };
/* End PBXFileReference section */

/* Begin PBXFrameworksBuildPhase section */
		A40000000000000000000001 /* Frameworks */ = {
			isa = PBXFrameworksBuildPhase;
			buildActionMask = 2147483647;
			files = (
			);
			runOnlyForDeploymentPostprocessing = 0;
		};
		C40000000000000000000002 /* Frameworks */ = {
			isa = PBXFrameworksBuildPhase;
			buildActionMask = 2147483647;
			files = (
			);
			runOnlyForDeploymentPostprocessing = 0;
		};
/* End PBXFrameworksBuildPhase section */

/* Begin PBXGroup section */
		A50000000000000000000001 = {
			isa = PBXGroup;
			children = (
				A50000000000000000000002 /* typewrite_apple_edition */,
				C50000000000000000000004 /* typewrite_apple_edition_macOS */,
				A50000000000000000000003 /* Products */,
			);
			sourceTree = "<group>";
		};
		A50000000000000000000002 /* typewrite_apple_edition */ = {
			isa = PBXGroup;
			children = (
				A20000000000000000000001 /* TypewriteAppleEditionApp.swift */,
				A20000000000000000000002 /* PlainTextDocument.swift */,
				A20000000000000000000003 /* PaperTheme.swift */,
				A20000000000000000000005 /* EditorView.swift */,
				A20000000000000000000006 /* Assets.xcassets */,
				B20000000000000000000001 /* CanvasView.swift */,
				B20000000000000000000003 /* DocumentModel.swift */,
				B20000000000000000000004 /* FontRegistry.swift */,
				B20000000000000000000005 /* SoundManager.swift */,
				B20000000000000000000006 /* SettingsStore.swift */,
				B20000000000000000000007 /* HelpOverlay.swift */,
				B20000000000000000000008 /* Fonts */,
				B20000000000000000000009 /* Sounds */,
			);
			path = typewrite_apple_edition;
			sourceTree = "<group>";
		};
		A50000000000000000000003 /* Products */ = {
			isa = PBXGroup;
			children = (
				A30000000000000000000001 /* typewrite_apple_edition.app */,
				C30000000000000000000002 /* typewrite_apple_edition.app */,
			);
			name = Products;
			sourceTree = "<group>";
		};
		C50000000000000000000004 /* typewrite_apple_edition_macOS */ = {
			isa = PBXGroup;
			children = (
				C20000000000000000000010 /* TypewriteAppleEditionMacApp.swift */,
				C20000000000000000000011 /* CanvasNSView.swift */,
			);
			path = typewrite_apple_edition_macOS;
			sourceTree = "<group>";
		};
/* End PBXGroup section */

/* Begin PBXNativeTarget section */
		A60000000000000000000001 /* typewrite_apple_edition */ = {
			isa = PBXNativeTarget;
			buildConfigurationList = A70000000000000000000003 /* Build configuration list for PBXNativeTarget "typewrite_apple_edition" */;
			buildPhases = (
				A60000000000000000000002 /* Sources */,
				A40000000000000000000001 /* Frameworks */,
				A60000000000000000000003 /* Resources */,
			);
			buildRules = (
			);
			dependencies = (
			);
			name = typewrite_apple_edition;
			productName = typewrite_apple_edition;
			productReference = A30000000000000000000001 /* typewrite_apple_edition.app */;
			productType = "com.apple.product-type.application";
		};
		C60000000000000000000002 /* typewrite_apple_edition_macOS */ = {
			isa = PBXNativeTarget;
			buildConfigurationList = C70000000000000000000005 /* Build configuration list for PBXNativeTarget "typewrite_apple_edition_macOS" */;
			buildPhases = (
				C61000000000000000000001 /* Sources */,
				C40000000000000000000002 /* Frameworks */,
				C61000000000000000000002 /* Resources */,
			);
			buildRules = (
			);
			dependencies = (
			);
			name = typewrite_apple_edition_macOS;
			productName = typewrite_apple_edition;
			productReference = C30000000000000000000002 /* typewrite_apple_edition.app */;
			productType = "com.apple.product-type.application";
		};
/* End PBXNativeTarget section */

/* Begin PBXProject section */
		A80000000000000000000001 /* Project object */ = {
			isa = PBXProject;
			attributes = {
				BuildIndependentTargetsInParallel = 1;
				LastSwiftUpdateCheck = 1620;
				LastUpgradeCheck = 2620;
				TargetAttributes = {
					A60000000000000000000001 = {
						CreatedOnToolsVersion = 16.2;
					};
					C60000000000000000000002 = {
						CreatedOnToolsVersion = 16.2;
					};
				};
			};
			buildConfigurationList = A70000000000000000000001 /* Build configuration list for PBXProject "typewrite_apple_edition" */;
			compatibilityVersion = "Xcode 14.0";
			developmentRegion = en;
			hasScannedForEncodings = 0;
			knownRegions = (
				en,
				Base,
			);
			mainGroup = A50000000000000000000001;
			productRefGroup = A50000000000000000000003 /* Products */;
			projectDirPath = "";
			projectRoot = "";
			targets = (
				A60000000000000000000001 /* typewrite_apple_edition */,
				C60000000000000000000002 /* typewrite_apple_edition_macOS */,
			);
		};
/* End PBXProject section */

/* Begin PBXResourcesBuildPhase section */
		A60000000000000000000003 /* Resources */ = {
			isa = PBXResourcesBuildPhase;
			buildActionMask = 2147483647;
			files = (
				A10000000000000000000006 /* Assets.xcassets in Resources */,
				B10000000000000000000008 /* Fonts in Resources */,
				B10000000000000000000009 /* Sounds in Resources */,
			);
			runOnlyForDeploymentPostprocessing = 0;
		};
		C61000000000000000000002 /* Resources */ = {
			isa = PBXResourcesBuildPhase;
			buildActionMask = 2147483647;
			files = (
				C10000000000000000000020 /* Assets.xcassets in Resources */,
				C10000000000000000000021 /* Fonts in Resources */,
				C10000000000000000000022 /* Sounds in Resources */,
			);
			runOnlyForDeploymentPostprocessing = 0;
		};
/* End PBXResourcesBuildPhase section */

/* Begin PBXSourcesBuildPhase section */
		A60000000000000000000002 /* Sources */ = {
			isa = PBXSourcesBuildPhase;
			buildActionMask = 2147483647;
			files = (
				A10000000000000000000001 /* TypewriteAppleEditionApp.swift in Sources */,
				A10000000000000000000002 /* PlainTextDocument.swift in Sources */,
				A10000000000000000000003 /* PaperTheme.swift in Sources */,
				A10000000000000000000005 /* EditorView.swift in Sources */,
				B10000000000000000000001 /* CanvasView.swift in Sources */,
				B10000000000000000000003 /* DocumentModel.swift in Sources */,
				B10000000000000000000004 /* FontRegistry.swift in Sources */,
				B10000000000000000000005 /* SoundManager.swift in Sources */,
				B10000000000000000000006 /* SettingsStore.swift in Sources */,
				B10000000000000000000007 /* HelpOverlay.swift in Sources */,
			);
			runOnlyForDeploymentPostprocessing = 0;
		};
		C61000000000000000000001 /* Sources */ = {
			isa = PBXSourcesBuildPhase;
			buildActionMask = 2147483647;
			files = (
				C10000000000000000000010 /* TypewriteAppleEditionMacApp.swift in Sources */,
				C10000000000000000000011 /* CanvasNSView.swift in Sources */,
				C10000000000000000000012 /* PlainTextDocument.swift in Sources */,
				C10000000000000000000013 /* PaperTheme.swift in Sources */,
				C10000000000000000000014 /* EditorView.swift in Sources */,
				C10000000000000000000015 /* DocumentModel.swift in Sources */,
				C10000000000000000000016 /* FontRegistry.swift in Sources */,
				C10000000000000000000017 /* SoundManager.swift in Sources */,
				C10000000000000000000018 /* SettingsStore.swift in Sources */,
				C10000000000000000000019 /* HelpOverlay.swift in Sources */,
			);
			runOnlyForDeploymentPostprocessing = 0;
		};
/* End PBXSourcesBuildPhase section */

/* Begin XCBuildConfiguration section */
		A90000000000000000000001 /* Debug */ = {
			isa = XCBuildConfiguration;
			buildSettings = {
				ALWAYS_SEARCH_USER_PATHS = NO;
				ASSETCATALOG_COMPILER_GENERATE_SWIFT_ASSET_SYMBOL_EXTENSIONS = YES;
				CLANG_ANALYZER_NONNULL = YES;
				CLANG_ANALYZER_NUMBER_OBJECT_CONVERSION = YES_AGGRESSIVE;
				CLANG_CXX_LANGUAGE_STANDARD = "gnu++20";
				CLANG_ENABLE_MODULES = YES;
				CLANG_ENABLE_OBJC_ARC = YES;
				CLANG_WARN_BLOCK_CAPTURE_AUTORELEASING = YES;
				CLANG_WARN_BOOL_CONVERSION = YES;
				CLANG_WARN_COMMA = YES;
				CLANG_WARN_CONSTANT_CONVERSION = YES;
				CLANG_WARN_DEPRECATED_OBJC_IMPLEMENTATIONS = YES;
				CLANG_WARN_DIRECT_OBJC_ISA_USAGE = YES_ERROR;
				CLANG_WARN_DOCUMENTATION_COMMENTS = YES;
				CLANG_WARN_EMPTY_BODY = YES;
				CLANG_WARN_ENUM_CONVERSION = YES;
				CLANG_WARN_INFINITE_RECURSION = YES;
				CLANG_WARN_INT_CONVERSION = YES;
				CLANG_WARN_NON_LITERAL_NULL_CONVERSION = YES;
				CLANG_WARN_OBJC_IMPLICIT_RETAIN_SELF = YES;
				CLANG_WARN_OBJC_LITERAL_CONVERSION = YES;
				CLANG_WARN_OBJC_ROOT_CLASS = YES_ERROR;
				CLANG_WARN_QUOTED_INCLUDE_IN_FRAMEWORK_HEADER = YES;
				CLANG_WARN_RANGE_LOOP_ANALYSIS = YES;
				CLANG_WARN_STRICT_PROTOTYPES = YES;
				CLANG_WARN_SUSPICIOUS_MOVE = YES;
				CLANG_WARN_UNGUARDED_AVAILABILITY = YES_AGGRESSIVE;
				CLANG_WARN_UNREACHABLE_CODE = YES;
				CLANG_WARN__DUPLICATE_METHOD_MATCH = YES;
				COPY_PHASE_STRIP = NO;
				DEBUG_INFORMATION_FORMAT = dwarf;
				ENABLE_STRICT_OBJC_MSGSEND = YES;
				ENABLE_TESTABILITY = YES;
				ENABLE_USER_SCRIPT_SANDBOXING = YES;
				GCC_C_LANGUAGE_STANDARD = gnu17;
				GCC_DYNAMIC_NO_PIC = NO;
				GCC_NO_COMMON_BLOCKS = YES;
				GCC_OPTIMIZATION_LEVEL = 0;
				GCC_PREPROCESSOR_DEFINITIONS = (
					"DEBUG=1",
					"$(inherited)",
				);
				GCC_WARN_64_TO_32_BIT_CONVERSION = YES;
				GCC_WARN_ABOUT_RETURN_TYPE = YES_ERROR;
				GCC_WARN_UNDECLARED_SELECTOR = YES;
				GCC_WARN_UNINITIALIZED_AUTOS = YES_AGGRESSIVE;
				GCC_WARN_UNUSED_FUNCTION = YES;
				GCC_WARN_UNUSED_VARIABLE = YES;
				IPHONEOS_DEPLOYMENT_TARGET = 17.0;
				LOCALIZATION_PREFERS_STRING_CATALOGS = YES;
				MACOSX_DEPLOYMENT_TARGET = 14.0;
				MTL_ENABLE_DEBUG_INFO = INCLUDE_SOURCE;
				MTL_FAST_MATH = YES;
				ONLY_ACTIVE_ARCH = YES;
				SDKROOT = iphoneos;
				STRING_CATALOG_GENERATE_SYMBOLS = YES;
				SWIFT_ACTIVE_COMPILATION_CONDITIONS = "DEBUG $(inherited)";
				SWIFT_OPTIMIZATION_LEVEL = "-Onone";
			};
			name = Debug;
		};
		A90000000000000000000002 /* Release */ = {
			isa = XCBuildConfiguration;
			buildSettings = {
				ALWAYS_SEARCH_USER_PATHS = NO;
				ASSETCATALOG_COMPILER_GENERATE_SWIFT_ASSET_SYMBOL_EXTENSIONS = YES;
				CLANG_ANALYZER_NONNULL = YES;
				CLANG_ANALYZER_NUMBER_OBJECT_CONVERSION = YES_AGGRESSIVE;
				CLANG_CXX_LANGUAGE_STANDARD = "gnu++20";
				CLANG_ENABLE_MODULES = YES;
				CLANG_ENABLE_OBJC_ARC = YES;
				CLANG_WARN_BLOCK_CAPTURE_AUTORELEASING = YES;
				CLANG_WARN_BOOL_CONVERSION = YES;
				CLANG_WARN_COMMA = YES;
				CLANG_WARN_CONSTANT_CONVERSION = YES;
				CLANG_WARN_DEPRECATED_OBJC_IMPLEMENTATIONS = YES;
				CLANG_WARN_DIRECT_OBJC_ISA_USAGE = YES_ERROR;
				CLANG_WARN_DOCUMENTATION_COMMENTS = YES;
				CLANG_WARN_EMPTY_BODY = YES;
				CLANG_WARN_ENUM_CONVERSION = YES;
				CLANG_WARN_INFINITE_RECURSION = YES;
				CLANG_WARN_INT_CONVERSION = YES;
				CLANG_WARN_NON_LITERAL_NULL_CONVERSION = YES;
				CLANG_WARN_OBJC_IMPLICIT_RETAIN_SELF = YES;
				CLANG_WARN_OBJC_LITERAL_CONVERSION = YES;
				CLANG_WARN_OBJC_ROOT_CLASS = YES_ERROR;
				CLANG_WARN_QUOTED_INCLUDE_IN_FRAMEWORK_HEADER = YES;
				CLANG_WARN_RANGE_LOOP_ANALYSIS = YES;
				CLANG_WARN_STRICT_PROTOTYPES = YES;
				CLANG_WARN_SUSPICIOUS_MOVE = YES;
				CLANG_WARN_UNGUARDED_AVAILABILITY = YES_AGGRESSIVE;
				CLANG_WARN_UNREACHABLE_CODE = YES;
				CLANG_WARN__DUPLICATE_METHOD_MATCH = YES;
				COPY_PHASE_STRIP = NO;
				DEBUG_INFORMATION_FORMAT = "dwarf-with-dsym";
				ENABLE_NS_ASSERTIONS = NO;
				ENABLE_STRICT_OBJC_MSGSEND = YES;
				ENABLE_USER_SCRIPT_SANDBOXING = YES;
				GCC_C_LANGUAGE_STANDARD = gnu17;
				GCC_NO_COMMON_BLOCKS = YES;
				GCC_WARN_64_TO_32_BIT_CONVERSION = YES;
				GCC_WARN_ABOUT_RETURN_TYPE = YES_ERROR;
				GCC_WARN_UNDECLARED_SELECTOR = YES;
				GCC_WARN_UNINITIALIZED_AUTOS = YES_AGGRESSIVE;
				GCC_WARN_UNUSED_FUNCTION = YES;
				GCC_WARN_UNUSED_VARIABLE = YES;
				IPHONEOS_DEPLOYMENT_TARGET = 17.0;
				LOCALIZATION_PREFERS_STRING_CATALOGS = YES;
				MACOSX_DEPLOYMENT_TARGET = 14.0;
				MTL_ENABLE_DEBUG_INFO = NO;
				MTL_FAST_MATH = YES;
				SDKROOT = iphoneos;
				STRING_CATALOG_GENERATE_SYMBOLS = YES;
				SWIFT_COMPILATION_MODE = wholemodule;
				VALIDATE_PRODUCT = YES;
			};
			name = Release;
		};
		A90000000000000000000003 /* Debug */ = {
			isa = XCBuildConfiguration;
			buildSettings = {
				ASSETCATALOG_COMPILER_APPICON_NAME = AppIcon;
				ASSETCATALOG_COMPILER_GLOBAL_ACCENT_COLOR_NAME = AccentColor;
				CODE_SIGN_STYLE = Automatic;
				CURRENT_PROJECT_VERSION = 1;
				DEVELOPMENT_TEAM = FX5JML3WC4;
				ENABLE_PREVIEWS = YES;
				GENERATE_INFOPLIST_FILE = YES;
				INFOPLIST_KEY_CFBundleDisplayName = "Typewrite Apple Edition";
				INFOPLIST_KEY_LSApplicationCategoryType = "public.app-category.productivity";
				INFOPLIST_KEY_UIApplicationSceneManifest_Generation = YES;
				INFOPLIST_KEY_UILaunchScreen_Generation = YES;
				INFOPLIST_KEY_UIRequiresFullScreen = YES;
				INFOPLIST_KEY_UIStatusBarHidden = YES;
				INFOPLIST_KEY_UISupportedInterfaceOrientations_iPad = "UIInterfaceOrientationPortrait UIInterfaceOrientationPortraitUpsideDown UIInterfaceOrientationLandscapeLeft UIInterfaceOrientationLandscapeRight";
				LD_RUNPATH_SEARCH_PATHS = (
					"$(inherited)",
					"@executable_path/Frameworks",
				);
				MARKETING_VERSION = 0.1.0;
				PRODUCT_BUNDLE_IDENTIFIER = com.hackercomputercompany.typewrite.apple.edition;
				PRODUCT_NAME = typewrite_apple_edition;
				SDKROOT = iphoneos;
				SUPPORTED_PLATFORMS = "iphoneos iphonesimulator";
				SUPPORTS_MACCATALYST = NO;
				SUPPORTS_MAC_DESIGNED_FOR_IPHONE_IPAD = NO;
				SWIFT_EMIT_LOC_STRINGS = YES;
				SWIFT_VERSION = 5.0;
				TARGETED_DEVICE_FAMILY = 2;
			};
			name = Debug;
		};
		A90000000000000000000004 /* Release */ = {
			isa = XCBuildConfiguration;
			buildSettings = {
				ASSETCATALOG_COMPILER_APPICON_NAME = AppIcon;
				ASSETCATALOG_COMPILER_GLOBAL_ACCENT_COLOR_NAME = AccentColor;
				CODE_SIGN_STYLE = Automatic;
				CURRENT_PROJECT_VERSION = 1;
				DEVELOPMENT_TEAM = FX5JML3WC4;
				ENABLE_PREVIEWS = YES;
				GENERATE_INFOPLIST_FILE = YES;
				INFOPLIST_KEY_CFBundleDisplayName = "Typewrite Apple Edition";
				INFOPLIST_KEY_LSApplicationCategoryType = "public.app-category.productivity";
				INFOPLIST_KEY_UIApplicationSceneManifest_Generation = YES;
				INFOPLIST_KEY_UILaunchScreen_Generation = YES;
				INFOPLIST_KEY_UIRequiresFullScreen = YES;
				INFOPLIST_KEY_UIStatusBarHidden = YES;
				INFOPLIST_KEY_UISupportedInterfaceOrientations_iPad = "UIInterfaceOrientationPortrait UIInterfaceOrientationPortraitUpsideDown UIInterfaceOrientationLandscapeLeft UIInterfaceOrientationLandscapeRight";
				LD_RUNPATH_SEARCH_PATHS = (
					"$(inherited)",
					"@executable_path/Frameworks",
				);
				MARKETING_VERSION = 0.1.0;
				PRODUCT_BUNDLE_IDENTIFIER = com.hackercomputercompany.typewrite.apple.edition;
				PRODUCT_NAME = typewrite_apple_edition;
				SDKROOT = iphoneos;
				SUPPORTED_PLATFORMS = "iphoneos iphonesimulator";
				SUPPORTS_MACCATALYST = NO;
				SUPPORTS_MAC_DESIGNED_FOR_IPHONE_IPAD = NO;
				SWIFT_EMIT_LOC_STRINGS = YES;
				SWIFT_VERSION = 5.0;
				TARGETED_DEVICE_FAMILY = 2;
			};
			name = Release;
		};
		A90000000000000000000005 /* Debug */ = {
			isa = XCBuildConfiguration;
			buildSettings = {
				ASSETCATALOG_COMPILER_APPICON_NAME = AppIcon;
				ASSETCATALOG_COMPILER_GLOBAL_ACCENT_COLOR_NAME = AccentColor;
				CODE_SIGN_STYLE = Automatic;
				CURRENT_PROJECT_VERSION = 1;
				DEVELOPMENT_TEAM = FX5JML3WC4;
				ENABLE_PREVIEWS = YES;
				GENERATE_INFOPLIST_FILE = YES;
				INFOPLIST_KEY_CFBundleDisplayName = "Typewrite Apple Edition";
				INFOPLIST_KEY_LSApplicationCategoryType = "public.app-category.productivity";
				LD_RUNPATH_SEARCH_PATHS = (
					"$(inherited)",
					"@executable_path/../Frameworks",
				);
				MACOSX_DEPLOYMENT_TARGET = 14.0;
				MARKETING_VERSION = 0.1.0;
				PRODUCT_BUNDLE_IDENTIFIER = com.hackercomputercompany.typewrite.apple.edition.macOS;
				PRODUCT_NAME = typewrite_apple_edition;
				SDKROOT = macosx;
				SUPPORTED_PLATFORMS = macosx;
				SWIFT_EMIT_LOC_STRINGS = YES;
				SWIFT_VERSION = 5.0;
			};
			name = Debug;
		};
		A90000000000000000000006 /* Release */ = {
			isa = XCBuildConfiguration;
			buildSettings = {
				ASSETCATALOG_COMPILER_APPICON_NAME = AppIcon;
				ASSETCATALOG_COMPILER_GLOBAL_ACCENT_COLOR_NAME = AccentColor;
				CODE_SIGN_STYLE = Automatic;
				CURRENT_PROJECT_VERSION = 1;
				DEVELOPMENT_TEAM = FX5JML3WC4;
				ENABLE_PREVIEWS = YES;
				GENERATE_INFOPLIST_FILE = YES;
				INFOPLIST_KEY_CFBundleDisplayName = "Typewrite Apple Edition";
				INFOPLIST_KEY_LSApplicationCategoryType = "public.app-category.productivity";
				LD_RUNPATH_SEARCH_PATHS = (
					"$(inherited)",
					"@executable_path/../Frameworks",
				);
				MACOSX_DEPLOYMENT_TARGET = 14.0;
				MARKETING_VERSION = 0.1.0;
				PRODUCT_BUNDLE_IDENTIFIER = com.hackercomputercompany.typewrite.apple.edition.macOS;
				PRODUCT_NAME = typewrite_apple_edition;
				SDKROOT = macosx;
				SUPPORTED_PLATFORMS = macosx;
				SWIFT_EMIT_LOC_STRINGS = YES;
				SWIFT_VERSION = 5.0;
			};
			name = Release;
		};
/* End XCBuildConfiguration section */

/* Begin XCConfigurationList section */
		A70000000000000000000001 /* Build configuration list for PBXProject "typewrite_apple_edition" */ = {
			isa = XCConfigurationList;
			buildConfigurations = (
				A90000000000000000000001 /* Debug */,
				A90000000000000000000002 /* Release */,
			);
			defaultConfigurationIsVisible = 0;
			defaultConfigurationName = Release;
		};
		A70000000000000000000003 /* Build configuration list for PBXNativeTarget "typewrite_apple_edition" */ = {
			isa = XCConfigurationList;
			buildConfigurations = (
				A90000000000000000000003 /* Debug */,
				A90000000000000000000004 /* Release */,
			);
			defaultConfigurationIsVisible = 0;
			defaultConfigurationName = Release;
		};
		C70000000000000000000005 /* Build configuration list for PBXNativeTarget "typewrite_apple_edition_macOS" */ = {
			isa = XCConfigurationList;
			buildConfigurations = (
				A90000000000000000000005 /* Debug */,
				A90000000000000000000006 /* Release */,
			);
			defaultConfigurationIsVisible = 0;
			defaultConfigurationName = Release;
		};
/* End XCConfigurationList section */
	};
	rootObject = A80000000000000000000001 /* Project object */;
}
